
Microsoft Visual Studio Solution File, Format Version 12.00
# Visual Studio Version 17
VisualStudioVersion = 17.4.33213.308
MinimumVisualStudioVersion = 10.0.40219.1
Project("{FAE04EC0-301F-11D3-BF4B-00C04F79EFBC}") = "CatalogoFilmesSCF", "CatalogoFilmesSCF\CatalogoFilmesSCF.csproj", "{734EFF81-516D-425B-B61F-870A8BCDAC11}"
EndProject
Global
	GlobalSection(SolutionConfigurationPlatforms) = preSolution
		Debug|Any CPU = Debug|Any CPU
		Release|Any CPU = Release|Any CPU
	EndGlobalSection
	GlobalSection(ProjectConfigurationPlatforms) = postSolution
		{734EFF81-516D-425B-B61F-870A8BCDAC11}.Debug|Any CPU.ActiveCfg = Debug|Any CPU
		{734EFF81-516D-425B-B61F-870A8BCDAC11}.Debug|Any CPU.Build.0 = Debug|Any CPU
		{734EFF81-516D-425B-B61F-870A8BCDAC11}.Release|Any CPU.ActiveCfg = Release|Any CPU
		{734EFF81-516D-425B-B61F-870A8BCDAC11}.Release|Any CPU.Build.0 = Release|Any CPU
	EndGlobalSection
	GlobalSection(SolutionProperties) = preSolution
		HideSolutionNode = FALSE
	EndGlobalSection
	GlobalSection(ExtensibilityGlobals) = postSolution
		SolutionGuid = {3F974493-7E01-4FB5-9FF9-66CBCFD0AC45}
	EndGlobalSection
EndGlobal
